
Microsoft Visual Studio Solution File, Format Version 12.00
# Visual Studio Version 16
VisualStudioVersion = 16.0.32901.82
MinimumVisualStudioVersion = 10.0.40219.1
Project("{FAE04EC0-301F-11D3-BF4B-00C04F79EFBC}") = "Challenge03", "Challenge03\Challenge03.csproj", "{37F25096-252A-452B-B079-74FA2B31B926}"
EndProject
Global
	GlobalSection(SolutionConfigurationPlatforms) = preSolution
		Debug|Any CPU = Debug|Any CPU
		Release|Any CPU = Release|Any CPU
	EndGlobalSection
	GlobalSection(ProjectConfigurationPlatforms) = postSolution
		{37F25096-252A-452B-B079-74FA2B31B926}.Debug|Any CPU.ActiveCfg = Debug|Any CPU
		{37F25096-252A-452B-B079-74FA2B31B926}.Debug|Any CPU.Build.0 = Debug|Any CPU
		{37F25096-252A-452B-B079-74FA2B31B926}.Release|Any CPU.ActiveCfg = Release|Any CPU
		{37F25096-252A-452B-B079-74FA2B31B926}.Release|Any CPU.Build.0 = Release|Any CPU
	EndGlobalSection
	GlobalSection(SolutionProperties) = preSolution
		HideSolutionNode = FALSE
	EndGlobalSection
	GlobalSection(ExtensibilityGlobals) = postSolution
		SolutionGuid = {DD0459D8-F129-45C9-BD85-916C2483C88B}
	EndGlobalSection
EndGlobal
